// !$*UTF8*$!
{
	archiveVersion = 1;
	classes = {
	};
	objectVersion = 77;
	objects = {

/* Begin PBXBuildFile section */
		CE003ABD2D4D5EC1008B09FF /* SwiftyBeaver in Frameworks */ = {isa = PBXBuildFile; productRef = CE003ABC2D4D5EC1008B09FF /* SwiftyBeaver */; };
		CE003AC22D4D6261008B09FF /* SFSafeSymbols in Frameworks */ = {isa = PBXBuildFile; productRef = CE003AC12D4D6261008B09FF /* SFSafeSymbols */; };
		CE366A8E2D4AB84C00611EFF /* ComposableArchitecture in Frameworks */ = {isa = PBXBuildFile; productRef = CE366A8D2D4AB84C00611EFF /* ComposableArchitecture */; };
		CE8BAA5D2D71219800EEBD76 /* GRDB in Frameworks */ = {isa = PBXBuildFile; productRef = CE8BAA5C2D71219800EEBD76 /* GRDB */; };
		CE8BAA642D7123EE00EEBD76 /* Tagged in Frameworks */ = {isa = PBXBuildFile; productRef = CE8BAA632D7123EE00EEBD76 /* Tagged */; };
		CE8BAA662D7123EE00EEBD76 /* TaggedMoney in Frameworks */ = {isa = PBXBuildFile; productRef = CE8BAA652D7123EE00EEBD76 /* TaggedMoney */; };
		CE8BAA682D7123EE00EEBD76 /* TaggedTime in Frameworks */ = {isa = PBXBuildFile; productRef = CE8BAA672D7123EE00EEBD76 /* TaggedTime */; };
		CE98629D2D4E87F100D659FB /* Kanna in Frameworks */ = {isa = PBXBuildFile; productRef = CE98629C2D4E87F100D659FB /* Kanna */; };
		CEEFDFCF2D57C27200274AE3 /* TTProgressHUD in Frameworks */ = {isa = PBXBuildFile; productRef = CEEFDFCE2D57C27200274AE3 /* TTProgressHUD */; };
		CEEFDFD92D5807D900274AE3 /* Kingfisher in Frameworks */ = {isa = PBXBuildFile; productRef = CEEFDFD82D5807D900274AE3 /* Kingfisher */; };
/* End PBXBuildFile section */

/* Begin PBXFileReference section */
		CE3668C72D40494400611EFF /* SwiftUI_Movie.app */ = {isa = PBXFileReference; explicitFileType = wrapper.application; includeInIndex = 0; path = SwiftUI_Movie.app; sourceTree = BUILT_PRODUCTS_DIR; };
/* End PBXFileReference section */

/* Begin PBXFileSystemSynchronizedRootGroup section */
		CE3668C92D40494400611EFF /* SwiftUI_Movie */ = {
			isa = PBXFileSystemSynchronizedRootGroup;
			path = SwiftUI_Movie;
			sourceTree = "<group>";
		};
/* End PBXFileSystemSynchronizedRootGroup section */

/* Begin PBXFrameworksBuildPhase section */
		CE3668C42D40494400611EFF /* Frameworks */ = {
			isa = PBXFrameworksBuildPhase;
			buildActionMask = 2147483647;
			files = (
				CEEFDFD92D5807D900274AE3 /* Kingfisher in Frameworks */,
				CE003AC22D4D6261008B09FF /* SFSafeSymbols in Frameworks */,
				CE8BAA642D7123EE00EEBD76 /* Tagged in Frameworks */,
				CE8BAA682D7123EE00EEBD76 /* TaggedTime in Frameworks */,
				CE366A8E2D4AB84C00611EFF /* ComposableArchitecture in Frameworks */,
				CEEFDFCF2D57C27200274AE3 /* TTProgressHUD in Frameworks */,
				CE98629D2D4E87F100D659FB /* Kanna in Frameworks */,
				CE8BAA5D2D71219800EEBD76 /* GRDB in Frameworks */,
				CE003ABD2D4D5EC1008B09FF /* SwiftyBeaver in Frameworks */,
				CE8BAA662D7123EE00EEBD76 /* TaggedMoney in Frameworks */,
			);
			runOnlyForDeploymentPostprocessing = 0;
		};
/* End PBXFrameworksBuildPhase section */

/* Begin PBXGroup section */
		CE3668BE2D40494400611EFF = {
			isa = PBXGroup;
			children = (
				CE3668C92D40494400611EFF /* SwiftUI_Movie */,
				CE3668C82D40494400611EFF /* Products */,
			);
			sourceTree = "<group>";
		};
		CE3668C82D40494400611EFF /* Products */ = {
			isa = PBXGroup;
			children = (
				CE3668C72D40494400611EFF /* SwiftUI_Movie.app */,
			);
			name = Products;
			sourceTree = "<group>";
		};
/* End PBXGroup section */

/* Begin PBXNativeTarget section */
		CE3668C62D40494400611EFF /* SwiftUI_Movie */ = {
			isa = PBXNativeTarget;
			buildConfigurationList = CE3668D52D40494700611EFF /* Build configuration list for PBXNativeTarget "SwiftUI_Movie" */;
			buildPhases = (
				CE3668C32D40494400611EFF /* Sources */,
				CE3668C42D40494400611EFF /* Frameworks */,
				CE3668C52D40494400611EFF /* Resources */,
			);
			buildRules = (
			);
			dependencies = (
			);
			fileSystemSynchronizedGroups = (
				CE3668C92D40494400611EFF /* SwiftUI_Movie */,
			);
			name = SwiftUI_Movie;
			packageProductDependencies = (
				CE366A8D2D4AB84C00611EFF /* ComposableArchitecture */,
				CE003ABC2D4D5EC1008B09FF /* SwiftyBeaver */,
				CE003AC12D4D6261008B09FF /* SFSafeSymbols */,
				CE98629C2D4E87F100D659FB /* Kanna */,
				CEEFDFCE2D57C27200274AE3 /* TTProgressHUD */,
				CEEFDFD82D5807D900274AE3 /* Kingfisher */,
				CE8BAA5C2D71219800EEBD76 /* GRDB */,
				CE8BAA632D7123EE00EEBD76 /* Tagged */,
				CE8BAA652D7123EE00EEBD76 /* TaggedMoney */,
				CE8BAA672D7123EE00EEBD76 /* TaggedTime */,
			);
			productName = SwiftUI_Movie;
			productReference = CE3668C72D40494400611EFF /* SwiftUI_Movie.app */;
			productType = "com.apple.product-type.application";
		};
/* End PBXNativeTarget section */

/* Begin PBXProject section */
		CE3668BF2D40494400611EFF /* Project object */ = {
			isa = PBXProject;
			attributes = {
				BuildIndependentTargetsInParallel = 1;
				LastSwiftUpdateCheck = 1620;
				LastUpgradeCheck = 1620;
				TargetAttributes = {
					CE3668C62D40494400611EFF = {
						CreatedOnToolsVersion = 16.2;
					};
				};
			};
			buildConfigurationList = CE3668C22D40494400611EFF /* Build configuration list for PBXProject "SwiftUI_Movie" */;
			developmentRegion = en;
			hasScannedForEncodings = 0;
			knownRegions = (
				en,
				Base,
			);
			mainGroup = CE3668BE2D40494400611EFF;
			minimizedProjectReferenceProxies = 1;
			packageReferences = (
				CE366A8C2D4AB84C00611EFF /* XCRemoteSwiftPackageReference "swift-composable-architecture" */,
				CE003ABB2D4D5EC1008B09FF /* XCRemoteSwiftPackageReference "SwiftyBeaver" */,
				CE003AC02D4D6261008B09FF /* XCRemoteSwiftPackageReference "SFSafeSymbols" */,
				CE98629B2D4E87F100D659FB /* XCRemoteSwiftPackageReference "Kanna" */,
				CEEFDFCD2D57C27200274AE3 /* XCRemoteSwiftPackageReference "TTProgressHUD" */,
				CEEFDFD72D5807D900274AE3 /* XCRemoteSwiftPackageReference "Kingfisher" */,
				CE8BAA5B2D71219700EEBD76 /* XCRemoteSwiftPackageReference "GRDB" */,
				CE8BAA622D7123EE00EEBD76 /* XCRemoteSwiftPackageReference "swift-tagged" */,
			);
			preferredProjectObjectVersion = 77;
			productRefGroup = CE3668C82D40494400611EFF /* Products */;
			projectDirPath = "";
			projectRoot = "";
			targets = (
				CE3668C62D40494400611EFF /* SwiftUI_Movie */,
			);
		};
/* End PBXProject section */

/* Begin PBXResourcesBuildPhase section */
		CE3668C52D40494400611EFF /* Resources */ = {
			isa = PBXResourcesBuildPhase;
			buildActionMask = 2147483647;
			files = (
			);
			runOnlyForDeploymentPostprocessing = 0;
		};
/* End PBXResourcesBuildPhase section */

/* Begin PBXSourcesBuildPhase section */
		CE3668C32D40494400611EFF /* Sources */ = {
			isa = PBXSourcesBuildPhase;
			buildActionMask = 2147483647;
			files = (
			);
			runOnlyForDeploymentPostprocessing = 0;
		};
/* End PBXSourcesBuildPhase section */

/* Begin XCBuildConfiguration section */
		CE3668D32D40494700611EFF /* Debug */ = {
			isa = XCBuildConfiguration;
			buildSettings = {
				ALWAYS_SEARCH_USER_PATHS = NO;
				ASSETCATALOG_COMPILER_GENERATE_SWIFT_ASSET_SYMBOL_EXTENSIONS = YES;
				CLANG_ANALYZER_NONNULL = YES;
				CLANG_ANALYZER_NUMBER_OBJECT_CONVERSION = YES_AGGRESSIVE;
				CLANG_CXX_LANGUAGE_STANDARD = "gnu++20";
				CLANG_ENABLE_MODULES = YES;
				CLANG_ENABLE_OBJC_ARC = YES;
				CLANG_ENABLE_OBJC_WEAK = YES;
				CLANG_WARN_BLOCK_CAPTURE_AUTORELEASING = YES;
				CLANG_WARN_BOOL_CONVERSION = YES;
				CLANG_WARN_COMMA = YES;
				CLANG_WARN_CONSTANT_CONVERSION = YES;
				CLANG_WARN_DEPRECATED_OBJC_IMPLEMENTATIONS = YES;
				CLANG_WARN_DIRECT_OBJC_ISA_USAGE = YES_ERROR;
				CLANG_WARN_DOCUMENTATION_COMMENTS = YES;
				CLANG_WARN_EMPTY_BODY = YES;
				CLANG_WARN_ENUM_CONVERSION = YES;
				CLANG_WARN_INFINITE_RECURSION = YES;
				CLANG_WARN_INT_CONVERSION = YES;
				CLANG_WARN_NON_LITERAL_NULL_CONVERSION = YES;
				CLANG_WARN_OBJC_IMPLICIT_RETAIN_SELF = YES;
				CLANG_WARN_OBJC_LITERAL_CONVERSION = YES;
				CLANG_WARN_OBJC_ROOT_CLASS = YES_ERROR;
				CLANG_WARN_QUOTED_INCLUDE_IN_FRAMEWORK_HEADER = YES;
				CLANG_WARN_RANGE_LOOP_ANALYSIS = YES;
				CLANG_WARN_STRICT_PROTOTYPES = YES;
				CLANG_WARN_SUSPICIOUS_MOVE = YES;
				CLANG_WARN_UNGUARDED_AVAILABILITY = YES_AGGRESSIVE;
				CLANG_WARN_UNREACHABLE_CODE = YES;
				CLANG_WARN__DUPLICATE_METHOD_MATCH = YES;
				COPY_PHASE_STRIP = NO;
				DEBUG_INFORMATION_FORMAT = dwarf;
				ENABLE_STRICT_OBJC_MSGSEND = YES;
				ENABLE_TESTABILITY = YES;
				ENABLE_USER_SCRIPT_SANDBOXING = YES;
				GCC_C_LANGUAGE_STANDARD = gnu17;
				GCC_DYNAMIC_NO_PIC = NO;
				GCC_NO_COMMON_BLOCKS = YES;
				GCC_OPTIMIZATION_LEVEL = 0;
				GCC_PREPROCESSOR_DEFINITIONS = (
					"DEBUG=1",
					"$(inherited)",
				);
				GCC_WARN_64_TO_32_BIT_CONVERSION = YES;
				GCC_WARN_ABOUT_RETURN_TYPE = YES_ERROR;
				GCC_WARN_UNDECLARED_SELECTOR = YES;
				GCC_WARN_UNINITIALIZED_AUTOS = YES_AGGRESSIVE;
				GCC_WARN_UNUSED_FUNCTION = YES;
				GCC_WARN_UNUSED_VARIABLE = YES;
				IPHONEOS_DEPLOYMENT_TARGET = 18.2;
				LOCALIZATION_PREFERS_STRING_CATALOGS = YES;
				MTL_ENABLE_DEBUG_INFO = INCLUDE_SOURCE;
				MTL_FAST_MATH = YES;
				ONLY_ACTIVE_ARCH = YES;
				SDKROOT = iphoneos;
				SWIFT_ACTIVE_COMPILATION_CONDITIONS = "DEBUG PRINT_CHANGES $(inherited)";
				SWIFT_OPTIMIZATION_LEVEL = "-Onone";
			};
			name = Debug;
		};
		CE3668D42D40494700611EFF /* Release */ = {
			isa = XCBuildConfiguration;
			buildSettings = {
				ALWAYS_SEARCH_USER_PATHS = NO;
				ASSETCATALOG_COMPILER_GENERATE_SWIFT_ASSET_SYMBOL_EXTENSIONS = YES;
				CLANG_ANALYZER_NONNULL = YES;
				CLANG_ANALYZER_NUMBER_OBJECT_CONVERSION = YES_AGGRESSIVE;
				CLANG_CXX_LANGUAGE_STANDARD = "gnu++20";
				CLANG_ENABLE_MODULES = YES;
				CLANG_ENABLE_OBJC_ARC = YES;
				CLANG_ENABLE_OBJC_WEAK = YES;
				CLANG_WARN_BLOCK_CAPTURE_AUTORELEASING = YES;
				CLANG_WARN_BOOL_CONVERSION = YES;
				CLANG_WARN_COMMA = YES;
				CLANG_WARN_CONSTANT_CONVERSION = YES;
				CLANG_WARN_DEPRECATED_OBJC_IMPLEMENTATIONS = YES;
				CLANG_WARN_DIRECT_OBJC_ISA_USAGE = YES_ERROR;
				CLANG_WARN_DOCUMENTATION_COMMENTS = YES;
				CLANG_WARN_EMPTY_BODY = YES;
				CLANG_WARN_ENUM_CONVERSION = YES;
				CLANG_WARN_INFINITE_RECURSION = YES;
				CLANG_WARN_INT_CONVERSION = YES;
				CLANG_WARN_NON_LITERAL_NULL_CONVERSION = YES;
				CLANG_WARN_OBJC_IMPLICIT_RETAIN_SELF = YES;
				CLANG_WARN_OBJC_LITERAL_CONVERSION = YES;
				CLANG_WARN_OBJC_ROOT_CLASS = YES_ERROR;
				CLANG_WARN_QUOTED_INCLUDE_IN_FRAMEWORK_HEADER = YES;
				CLANG_WARN_RANGE_LOOP_ANALYSIS = YES;
				CLANG_WARN_STRICT_PROTOTYPES = YES;
				CLANG_WARN_SUSPICIOUS_MOVE = YES;
				CLANG_WARN_UNGUARDED_AVAILABILITY = YES_AGGRESSIVE;
				CLANG_WARN_UNREACHABLE_CODE = YES;
				CLANG_WARN__DUPLICATE_METHOD_MATCH = YES;
				COPY_PHASE_STRIP = NO;
				DEBUG_INFORMATION_FORMAT = "dwarf-with-dsym";
				ENABLE_NS_ASSERTIONS = NO;
				ENABLE_STRICT_OBJC_MSGSEND = YES;
				ENABLE_USER_SCRIPT_SANDBOXING = YES;
				GCC_C_LANGUAGE_STANDARD = gnu17;
				GCC_NO_COMMON_BLOCKS = YES;
				GCC_WARN_64_TO_32_BIT_CONVERSION = YES;
				GCC_WARN_ABOUT_RETURN_TYPE = YES_ERROR;
				GCC_WARN_UNDECLARED_SELECTOR = YES;
				GCC_WARN_UNINITIALIZED_AUTOS = YES_AGGRESSIVE;
				GCC_WARN_UNUSED_FUNCTION = YES;
				GCC_WARN_UNUSED_VARIABLE = YES;
				IPHONEOS_DEPLOYMENT_TARGET = 18.2;
				LOCALIZATION_PREFERS_STRING_CATALOGS = YES;
				MTL_ENABLE_DEBUG_INFO = NO;
				MTL_FAST_MATH = YES;
				SDKROOT = iphoneos;
				SWIFT_COMPILATION_MODE = wholemodule;
				VALIDATE_PRODUCT = YES;
			};
			name = Release;
		};
		CE3668D62D40494700611EFF /* Debug */ = {
			isa = XCBuildConfiguration;
			buildSettings = {
				ASSETCATALOG_COMPILER_APPICON_NAME = AppIcon;
				ASSETCATALOG_COMPILER_GLOBAL_ACCENT_COLOR_NAME = AccentColor;
				CODE_SIGN_STYLE = Automatic;
				CURRENT_PROJECT_VERSION = 1;
				DEVELOPMENT_ASSET_PATHS = "\"SwiftUI_Movie/Preview Content\"";
				DEVELOPMENT_TEAM = B879689N59;
				ENABLE_PREVIEWS = YES;
				GENERATE_INFOPLIST_FILE = YES;
				INFOPLIST_FILE = "SwiftUI-Movie-Info.plist";
				INFOPLIST_KEY_UIApplicationSceneManifest_Generation = YES;
				INFOPLIST_KEY_UIApplicationSupportsIndirectInputEvents = YES;
				INFOPLIST_KEY_UILaunchScreen_Generation = YES;
				INFOPLIST_KEY_UISupportedInterfaceOrientations_iPad = "UIInterfaceOrientationPortrait UIInterfaceOrientationPortraitUpsideDown UIInterfaceOrientationLandscapeLeft UIInterfaceOrientationLandscapeRight";
				INFOPLIST_KEY_UISupportedInterfaceOrientations_iPhone = "UIInterfaceOrientationPortrait UIInterfaceOrientationLandscapeLeft UIInterfaceOrientationLandscapeRight";
				IPHONEOS_DEPLOYMENT_TARGET = 17.6;
				LD_RUNPATH_SEARCH_PATHS = (
					"$(inherited)",
					"@executable_path/Frameworks",
				);
				MARKETING_VERSION = 1.0;
				PRODUCT_BUNDLE_IDENTIFIER = "com.weiren.zhang.SwiftUI-Movie";
				PRODUCT_NAME = "$(TARGET_NAME)";
				SWIFT_EMIT_LOC_STRINGS = YES;
				SWIFT_VERSION = 5.0;
				TARGETED_DEVICE_FAMILY = "1,2";
			};
			name = Debug;
		};
		CE3668D72D40494700611EFF /* Release */ = {
			isa = XCBuildConfiguration;
			buildSettings = {
				ASSETCATALOG_COMPILER_APPICON_NAME = AppIcon;
				ASSETCATALOG_COMPILER_GLOBAL_ACCENT_COLOR_NAME = AccentColor;
				CODE_SIGN_STYLE = Automatic;
				CURRENT_PROJECT_VERSION = 1;
				DEVELOPMENT_ASSET_PATHS = "\"SwiftUI_Movie/Preview Content\"";
				DEVELOPMENT_TEAM = B879689N59;
				ENABLE_PREVIEWS = YES;
				GENERATE_INFOPLIST_FILE = YES;
				INFOPLIST_FILE = "SwiftUI-Movie-Info.plist";
				INFOPLIST_KEY_UIApplicationSceneManifest_Generation = YES;
				INFOPLIST_KEY_UIApplicationSupportsIndirectInputEvents = YES;
				INFOPLIST_KEY_UILaunchScreen_Generation = YES;
				INFOPLIST_KEY_UISupportedInterfaceOrientations_iPad = "UIInterfaceOrientationPortrait UIInterfaceOrientationPortraitUpsideDown UIInterfaceOrientationLandscapeLeft UIInterfaceOrientationLandscapeRight";
				INFOPLIST_KEY_UISupportedInterfaceOrientations_iPhone = "UIInterfaceOrientationPortrait UIInterfaceOrientationLandscapeLeft UIInterfaceOrientationLandscapeRight";
				IPHONEOS_DEPLOYMENT_TARGET = 17.6;
				LD_RUNPATH_SEARCH_PATHS = (
					"$(inherited)",
					"@executable_path/Frameworks",
				);
				MARKETING_VERSION = 1.0;
				PRODUCT_BUNDLE_IDENTIFIER = "com.weiren.zhang.SwiftUI-Movie";
				PRODUCT_NAME = "$(TARGET_NAME)";
				SWIFT_EMIT_LOC_STRINGS = YES;
				SWIFT_VERSION = 5.0;
				TARGETED_DEVICE_FAMILY = "1,2";
			};
			name = Release;
		};
/* End XCBuildConfiguration section */

/* Begin XCConfigurationList section */
		CE3668C22D40494400611EFF /* Build configuration list for PBXProject "SwiftUI_Movie" */ = {
			isa = XCConfigurationList;
			buildConfigurations = (
				CE3668D32D40494700611EFF /* Debug */,
				CE3668D42D40494700611EFF /* Release */,
			);
			defaultConfigurationIsVisible = 0;
			defaultConfigurationName = Release;
		};
		CE3668D52D40494700611EFF /* Build configuration list for PBXNativeTarget "SwiftUI_Movie" */ = {
			isa = XCConfigurationList;
			buildConfigurations = (
				CE3668D62D40494700611EFF /* Debug */,
				CE3668D72D40494700611EFF /* Release */,
			);
			defaultConfigurationIsVisible = 0;
			defaultConfigurationName = Release;
		};
/* End XCConfigurationList section */

/* Begin XCRemoteSwiftPackageReference section */
		CE003ABB2D4D5EC1008B09FF /* XCRemoteSwiftPackageReference "SwiftyBeaver" */ = {
			isa = XCRemoteSwiftPackageReference;
			repositoryURL = "https://github.com/SwiftyBeaver/SwiftyBeaver";
			requirement = {
				kind = upToNextMajorVersion;
				minimumVersion = 2.1.1;
			};
		};
		CE003AC02D4D6261008B09FF /* XCRemoteSwiftPackageReference "SFSafeSymbols" */ = {
			isa = XCRemoteSwiftPackageReference;
			repositoryURL = "https://github.com/SFSafeSymbols/SFSafeSymbols";
			requirement = {
				kind = upToNextMajorVersion;
				minimumVersion = 5.3.0;
			};
		};
		CE366A8C2D4AB84C00611EFF /* XCRemoteSwiftPackageReference "swift-composable-architecture" */ = {
			isa = XCRemoteSwiftPackageReference;
			repositoryURL = "https://github.com/pointfreeco/swift-composable-architecture";
			requirement = {
				kind = upToNextMajorVersion;
				minimumVersion = 1.17.1;
			};
		};
		CE8BAA5B2D71219700EEBD76 /* XCRemoteSwiftPackageReference "GRDB" */ = {
			isa = XCRemoteSwiftPackageReference;
			repositoryURL = "https://github.com/groue/GRDB.swift";
			requirement = {
				kind = upToNextMajorVersion;
				minimumVersion = 7.3.0;
			};
		};
		CE8BAA622D7123EE00EEBD76 /* XCRemoteSwiftPackageReference "swift-tagged" */ = {
			isa = XCRemoteSwiftPackageReference;
			repositoryURL = "https://github.com/pointfreeco/swift-tagged";
			requirement = {
				kind = upToNextMajorVersion;
				minimumVersion = 0.10.0;
			};
		};
		CE98629B2D4E87F100D659FB /* XCRemoteSwiftPackageReference "Kanna" */ = {
			isa = XCRemoteSwiftPackageReference;
			repositoryURL = "https://github.com/tid-kijyun/Kanna";
			requirement = {
				kind = upToNextMajorVersion;
				minimumVersion = 5.3.0;
			};
		};
		CEEFDFCD2D57C27200274AE3 /* XCRemoteSwiftPackageReference "TTProgressHUD" */ = {
			isa = XCRemoteSwiftPackageReference;
			repositoryURL = "https://github.com/honkmaster/TTProgressHUD";
			requirement = {
				kind = upToNextMajorVersion;
				minimumVersion = 0.0.5;
			};
		};
		CEEFDFD72D5807D900274AE3 /* XCRemoteSwiftPackageReference "Kingfisher" */ = {
			isa = XCRemoteSwiftPackageReference;
			repositoryURL = "https://github.com/onevcat/Kingfisher";
			requirement = {
				kind = upToNextMajorVersion;
				minimumVersion = 8.2.0;
			};
		};
/* End XCRemoteSwiftPackageReference section */

/* Begin XCSwiftPackageProductDependency section */
		CE003ABC2D4D5EC1008B09FF /* SwiftyBeaver */ = {
			isa = XCSwiftPackageProductDependency;
			package = CE003ABB2D4D5EC1008B09FF /* XCRemoteSwiftPackageReference "SwiftyBeaver" */;
			productName = SwiftyBeaver;
		};
		CE003AC12D4D6261008B09FF /* SFSafeSymbols */ = {
			isa = XCSwiftPackageProductDependency;
			package = CE003AC02D4D6261008B09FF /* XCRemoteSwiftPackageReference "SFSafeSymbols" */;
			productName = SFSafeSymbols;
		};
		CE366A8D2D4AB84C00611EFF /* ComposableArchitecture */ = {
			isa = XCSwiftPackageProductDependency;
			package = CE366A8C2D4AB84C00611EFF /* XCRemoteSwiftPackageReference "swift-composable-architecture" */;
			productName = ComposableArchitecture;
		};
		CE8BAA5C2D71219800EEBD76 /* GRDB */ = {
			isa = XCSwiftPackageProductDependency;
			package = CE8BAA5B2D71219700EEBD76 /* XCRemoteSwiftPackageReference "GRDB" */;
			productName = GRDB;
		};
		CE8BAA632D7123EE00EEBD76 /* Tagged */ = {
			isa = XCSwiftPackageProductDependency;
			package = CE8BAA622D7123EE00EEBD76 /* XCRemoteSwiftPackageReference "swift-tagged" */;
			productName = Tagged;
		};
		CE8BAA652D7123EE00EEBD76 /* TaggedMoney */ = {
			isa = XCSwiftPackageProductDependency;
			package = CE8BAA622D7123EE00EEBD76 /* XCRemoteSwiftPackageReference "swift-tagged" */;
			productName = TaggedMoney;
		};
		CE8BAA672D7123EE00EEBD76 /* TaggedTime */ = {
			isa = XCSwiftPackageProductDependency;
			package = CE8BAA622D7123EE00EEBD76 /* XCRemoteSwiftPackageReference "swift-tagged" */;
			productName = TaggedTime;
		};
		CE98629C2D4E87F100D659FB /* Kanna */ = {
			isa = XCSwiftPackageProductDependency;
			package = CE98629B2D4E87F100D659FB /* XCRemoteSwiftPackageReference "Kanna" */;
			productName = Kanna;
		};
		CEEFDFCE2D57C27200274AE3 /* TTProgressHUD */ = {
			isa = XCSwiftPackageProductDependency;
			package = CEEFDFCD2D57C27200274AE3 /* XCRemoteSwiftPackageReference "TTProgressHUD" */;
			productName = TTProgressHUD;
		};
		CEEFDFD82D5807D900274AE3 /* Kingfisher */ = {
			isa = XCSwiftPackageProductDependency;
			package = CEEFDFD72D5807D900274AE3 /* XCRemoteSwiftPackageReference "Kingfisher" */;
			productName = Kingfisher;
		};
/* End XCSwiftPackageProductDependency section */
	};
	rootObject = CE3668BF2D40494400611EFF /* Project object */;
}
